
Microsoft Visual Studio Solution File, Format Version 12.00
# Visual Studio Version 16
VisualStudioVersion = 16.0.30621.155
MinimumVisualStudioVersion = 10.0.40219.1
Project("{FAE04EC0-301F-11D3-BF4B-00C04F79EFBC}") = "NCFunctions", "NCFunctions.csproj", "{7B08F7BD-471B-4E03-B060-309881CA89E9}"
EndProject
Global
	GlobalSection(SolutionConfigurationPlatforms) = preSolution
		Debug|Any CPU = Debug|Any CPU
		Release|Any CPU = Release|Any CPU
	EndGlobalSection
	GlobalSection(ProjectConfigurationPlatforms) = postSolution
		{7B08F7BD-471B-4E03-B060-309881CA89E9}.Debug|Any CPU.ActiveCfg = Debug|Any CPU
		{7B08F7BD-471B-4E03-B060-309881CA89E9}.Debug|Any CPU.Build.0 = Debug|Any CPU
		{7B08F7BD-471B-4E03-B060-309881CA89E9}.Release|Any CPU.ActiveCfg = Release|Any CPU
		{7B08F7BD-471B-4E03-B060-309881CA89E9}.Release|Any CPU.Build.0 = Release|Any CPU
	EndGlobalSection
	GlobalSection(SolutionProperties) = preSolution
		HideSolutionNode = FALSE
	EndGlobalSection
	GlobalSection(ExtensibilityGlobals) = postSolution
		SolutionGuid = {55E75D9A-2128-4FDF-82E1-67387D1A2D2F}
	EndGlobalSection
EndGlobal
