
Microsoft Visual Studio Solution File, Format Version 12.00
# Visual Studio Version 16
VisualStudioVersion = 16.0.30804.86
MinimumVisualStudioVersion = 10.0.40219.1
Project("{FAE04EC0-301F-11D3-BF4B-00C04F79EFBC}") = "NeoCage.Android", "NeoCage.Android\NeoCage.Android.csproj", "{DA40EAFA-754E-4B7D-8085-F43F8B02C8B5}"
EndProject
Project("{FAE04EC0-301F-11D3-BF4B-00C04F79EFBC}") = "NeoCage.iOS", "NeoCage.iOS\NeoCage.iOS.csproj", "{826FCC82-A61F-44BB-ABB0-0032D348A440}"
EndProject
Project("{FAE04EC0-301F-11D3-BF4B-00C04F79EFBC}") = "NeoCage", "NeoCage\NeoCage.csproj", "{4D75CA4D-E593-4B38-A684-C2F3D7E5BD5A}"
EndProject
Global
	GlobalSection(SolutionConfigurationPlatforms) = preSolution
		Debug|Any CPU = Debug|Any CPU
		Debug|iPhone = Debug|iPhone
		Debug|iPhoneSimulator = Debug|iPhoneSimulator
		Release|Any CPU = Release|Any CPU
		Release|iPhone = Release|iPhone
		Release|iPhoneSimulator = Release|iPhoneSimulator
	EndGlobalSection
	GlobalSection(ProjectConfigurationPlatforms) = postSolution
		{DA40EAFA-754E-4B7D-8085-F43F8B02C8B5}.Debug|Any CPU.ActiveCfg = Debug|Any CPU
		{DA40EAFA-754E-4B7D-8085-F43F8B02C8B5}.Debug|Any CPU.Build.0 = Debug|Any CPU
		{DA40EAFA-754E-4B7D-8085-F43F8B02C8B5}.Debug|Any CPU.Deploy.0 = Debug|Any CPU
		{DA40EAFA-754E-4B7D-8085-F43F8B02C8B5}.Debug|iPhone.ActiveCfg = Debug|Any CPU
		{DA40EAFA-754E-4B7D-8085-F43F8B02C8B5}.Debug|iPhone.Build.0 = Debug|Any CPU
		{DA40EAFA-754E-4B7D-8085-F43F8B02C8B5}.Debug|iPhone.Deploy.0 = Debug|Any CPU
		{DA40EAFA-754E-4B7D-8085-F43F8B02C8B5}.Debug|iPhoneSimulator.ActiveCfg = Debug|Any CPU
		{DA40EAFA-754E-4B7D-8085-F43F8B02C8B5}.Debug|iPhoneSimulator.Build.0 = Debug|Any CPU
		{DA40EAFA-754E-4B7D-8085-F43F8B02C8B5}.Debug|iPhoneSimulator.Deploy.0 = Debug|Any CPU
		{DA40EAFA-754E-4B7D-8085-F43F8B02C8B5}.Release|Any CPU.ActiveCfg = Release|Any CPU
		{DA40EAFA-754E-4B7D-8085-F43F8B02C8B5}.Release|Any CPU.Build.0 = Release|Any CPU
		{DA40EAFA-754E-4B7D-8085-F43F8B02C8B5}.Release|Any CPU.Deploy.0 = Release|Any CPU
		{DA40EAFA-754E-4B7D-8085-F43F8B02C8B5}.Release|iPhone.ActiveCfg = Release|Any CPU
		{DA40EAFA-754E-4B7D-8085-F43F8B02C8B5}.Release|iPhone.Build.0 = Release|Any CPU
		{DA40EAFA-754E-4B7D-8085-F43F8B02C8B5}.Release|iPhone.Deploy.0 = Release|Any CPU
		{DA40EAFA-754E-4B7D-8085-F43F8B02C8B5}.Release|iPhoneSimulator.ActiveCfg = Release|Any CPU
		{DA40EAFA-754E-4B7D-8085-F43F8B02C8B5}.Release|iPhoneSimulator.Build.0 = Release|Any CPU
		{DA40EAFA-754E-4B7D-8085-F43F8B02C8B5}.Release|iPhoneSimulator.Deploy.0 = Release|Any CPU
		{826FCC82-A61F-44BB-ABB0-0032D348A440}.Debug|Any CPU.ActiveCfg = Debug|iPhone
		{826FCC82-A61F-44BB-ABB0-0032D348A440}.Debug|Any CPU.Build.0 = Debug|iPhone
		{826FCC82-A61F-44BB-ABB0-0032D348A440}.Debug|Any CPU.Deploy.0 = Debug|iPhone
		{826FCC82-A61F-44BB-ABB0-0032D348A440}.Debug|iPhone.ActiveCfg = Debug|iPhone
		{826FCC82-A61F-44BB-ABB0-0032D348A440}.Debug|iPhone.Build.0 = Debug|iPhone
		{826FCC82-A61F-44BB-ABB0-0032D348A440}.Debug|iPhone.Deploy.0 = Debug|iPhone
		{826FCC82-A61F-44BB-ABB0-0032D348A440}.Debug|iPhoneSimulator.ActiveCfg = Debug|iPhoneSimulator
		{826FCC82-A61F-44BB-ABB0-0032D348A440}.Debug|iPhoneSimulator.Build.0 = Debug|iPhoneSimulator
		{826FCC82-A61F-44BB-ABB0-0032D348A440}.Debug|iPhoneSimulator.Deploy.0 = Debug|iPhoneSimulator
		{826FCC82-A61F-44BB-ABB0-0032D348A440}.Release|Any CPU.ActiveCfg = Release|iPhoneSimulator
		{826FCC82-A61F-44BB-ABB0-0032D348A440}.Release|Any CPU.Build.0 = Release|iPhoneSimulator
		{826FCC82-A61F-44BB-ABB0-0032D348A440}.Release|Any CPU.Deploy.0 = Release|iPhoneSimulator
		{826FCC82-A61F-44BB-ABB0-0032D348A440}.Release|iPhone.ActiveCfg = Release|iPhone
		{826FCC82-A61F-44BB-ABB0-0032D348A440}.Release|iPhone.Build.0 = Release|iPhone
		{826FCC82-A61F-44BB-ABB0-0032D348A440}.Release|iPhone.Deploy.0 = Release|iPhone
		{826FCC82-A61F-44BB-ABB0-0032D348A440}.Release|iPhoneSimulator.ActiveCfg = Release|iPhoneSimulator
		{826FCC82-A61F-44BB-ABB0-0032D348A440}.Release|iPhoneSimulator.Build.0 = Release|iPhoneSimulator
		{826FCC82-A61F-44BB-ABB0-0032D348A440}.Release|iPhoneSimulator.Deploy.0 = Release|iPhoneSimulator
		{4D75CA4D-E593-4B38-A684-C2F3D7E5BD5A}.Debug|Any CPU.ActiveCfg = Debug|Any CPU
		{4D75CA4D-E593-4B38-A684-C2F3D7E5BD5A}.Debug|Any CPU.Build.0 = Debug|Any CPU
		{4D75CA4D-E593-4B38-A684-C2F3D7E5BD5A}.Debug|Any CPU.Deploy.0 = Debug|Any CPU
		{4D75CA4D-E593-4B38-A684-C2F3D7E5BD5A}.Debug|iPhone.ActiveCfg = Debug|Any CPU
		{4D75CA4D-E593-4B38-A684-C2F3D7E5BD5A}.Debug|iPhone.Build.0 = Debug|Any CPU
		{4D75CA4D-E593-4B38-A684-C2F3D7E5BD5A}.Debug|iPhone.Deploy.0 = Debug|Any CPU
		{4D75CA4D-E593-4B38-A684-C2F3D7E5BD5A}.Debug|iPhoneSimulator.ActiveCfg = Debug|Any CPU
		{4D75CA4D-E593-4B38-A684-C2F3D7E5BD5A}.Debug|iPhoneSimulator.Build.0 = Debug|Any CPU
		{4D75CA4D-E593-4B38-A684-C2F3D7E5BD5A}.Debug|iPhoneSimulator.Deploy.0 = Debug|Any CPU
		{4D75CA4D-E593-4B38-A684-C2F3D7E5BD5A}.Release|Any CPU.ActiveCfg = Release|Any CPU
		{4D75CA4D-E593-4B38-A684-C2F3D7E5BD5A}.Release|Any CPU.Build.0 = Release|Any CPU
		{4D75CA4D-E593-4B38-A684-C2F3D7E5BD5A}.Release|Any CPU.Deploy.0 = Release|Any CPU
		{4D75CA4D-E593-4B38-A684-C2F3D7E5BD5A}.Release|iPhone.ActiveCfg = Release|Any CPU
		{4D75CA4D-E593-4B38-A684-C2F3D7E5BD5A}.Release|iPhone.Build.0 = Release|Any CPU
		{4D75CA4D-E593-4B38-A684-C2F3D7E5BD5A}.Release|iPhone.Deploy.0 = Release|Any CPU
		{4D75CA4D-E593-4B38-A684-C2F3D7E5BD5A}.Release|iPhoneSimulator.ActiveCfg = Release|Any CPU
		{4D75CA4D-E593-4B38-A684-C2F3D7E5BD5A}.Release|iPhoneSimulator.Build.0 = Release|Any CPU
		{4D75CA4D-E593-4B38-A684-C2F3D7E5BD5A}.Release|iPhoneSimulator.Deploy.0 = Release|Any CPU
	EndGlobalSection
	GlobalSection(SolutionProperties) = preSolution
		HideSolutionNode = FALSE
	EndGlobalSection
	GlobalSection(ExtensibilityGlobals) = postSolution
		SolutionGuid = {84083EC2-6A28-4E92-A961-2E2855990408}
	EndGlobalSection
EndGlobal
